{
  "name": "ownpager",
  "lockfileVersion": 3,
  "requires": true,
  "packages": {
    "": {
      "dependencies": {
        "@thinkingroot/sdk": "^0.1.0"
      }
    },
    "node_modules/@thinkingroot/sdk": {
      "version": "0.1.0",
      "resolved": "https://registry.npmjs.org/@thinkingroot/sdk/-/sdk-0.1.0.tgz",
      "integrity": "sha512-S2wB4jBkf4FrNS5PThS46foxv4YuQqEi/8PoiWKuSsNt51Qw5RAwdxx4ngIJhKA4p/xM8G4tkQyFB26Hrkcaiw==",
      "license": "UNLICENSED",
      "engines": {
        "node": ">=22"
      }
    }
  }
}
